Microsoft Visual Studio Solution File, Format Version 7.00
Project("{8BC9CEB8-8B4A-11D0-8D11-00A0C91BC942}") = "GSI_openssl_module", "..\..\..\openssl_module\source\win32\openssl_module.vcproj", "{AC876877-B8E6-4528-8F76-6F16BF81AD90}"
EndProject
Project("{8BC9CEB8-8B4A-11D0-8D11-00A0C91BC942}") = "GSI_gss_assist", "..\..\..\gss_assist\source\win32\gss_assist.vcproj", "{4F439695-80FA-4DDF-8574-3AF6C8C7612F}"
EndProject
Project("{8BC9CEB8-8B4A-11D0-8D11-00A0C91BC942}") = "GSI_gssapi", "..\..\..\gssapi\source\WinProjects\gssapi.vcproj", "{54D6F358-9F94-4605-9F34-F82CE9B9F5D5}"
EndProject
Project("{8BC9CEB8-8B4A-11D0-8D11-00A0C91BC942}") = "GSI_cert_utils", "..\..\..\cert_utils\source\Win32\cert_utils.vcproj", "{54D6F358-9F94-4605-9F34-F82CE9B9F5D5}"
EndProject
Project("{8BC9CEB8-8B4A-11D0-8D11-00A0C91BC942}") = "GSI_gridmap_callout", "..\..\..\gridmap_callout\source\Win32\GSI_gridmap_callout.vcproj", "{48B7BE8F-92AB-4849-BB65-94F60AC3AF2A}"
EndProject
Project("{8BC9CEB8-8B4A-11D0-8D11-00A0C91BC942}") = "GSI_gridmap_callout_error", "..\..\..\gridmap_callout\source\Win32\GSI_gridmap_callout_error.vcproj", "{E73FF829-FD91-49F5-98C7-56D68A0707A2}"
EndProject
Project("{8BC9CEB8-8B4A-11D0-8D11-00A0C91BC942}") = "GSI_gssapi_error", "..\..\..\gssapi_error\source\Win32\GSI_gssapi_error.vcproj", "{5A38A34A-94FF-4B31-BABF-E0E244BD5832}"
EndProject
Project("{8BC9CEB8-8B4A-11D0-8D11-00A0C91BC942}") = "GSI_callback", "GSI_callback.vcproj", "{48B7BE8F-92AB-4849-BB65-94F60AC3AF2A}"
EndProject
Project("{8BC9CEB8-8B4A-11D0-8D11-00A0C91BC942}") = "GSI_old_gaa", "GSI_oldgaa.vcproj", "{7B7AE5C4-CC58-4CFB-AFE0-A58DB355D97E}"
EndProject
Project("{8BC9CEB8-8B4A-11D0-8D11-00A0C91BC942}") = "GSI_credential", "..\..\..\credential\source\Win32\GSI_credential.vcproj", "{7D49CE5F-242F-4D69-B598-5B5F7FB692E0}"
EndProject
Project("{8BC9CEB8-8B4A-11D0-8D11-00A0C91BC942}") = "GSI_sys-config", "..\..\..\sysconfig\source\Win32\SysConfig.vcproj", "{6D9D23EA-9A66-4C40-B5A5-93AB67D269EB}"
EndProject
Project("{8BC9CEB8-8B4A-11D0-8D11-00A0C91BC942}") = "GSI_openssl_error", "..\..\..\openssl_error\source\Win32\GSI_openssl_error.vcproj", "{04848777-C8F2-4FEC-BAB7-E7EE597E5414}"
EndProject
Project("{8BC9CEB8-8B4A-11D0-8D11-00A0C91BC942}") = "GSI_proxy_core", "..\..\..\proxy\proxy_core\source\Win32\GSI_proxy_core.vcproj", "{0B528945-6D57-4EDE-8FA0-B2E3AFFA2DC9}"
EndProject
Project("{8BC9CEB8-8B4A-11D0-8D11-00A0C91BC942}") = "GSI_proxy_ssl", "..\..\..\proxy\proxy_ssl\source\Win32\GSI_proxy_ssl.vcproj", "{CE575C0F-823C-470E-89EC-95363240433C}"
EndProject
Project("{8BC9CEB8-8B4A-11D0-8D11-00A0C91BC942}") = "_gssapi_anonymous_test", "..\..\..\gssapi\test\Win32\_gssapi_anonymous_test.vcproj", "{8CF1C6AF-728E-4134-8D59-7D162CF55F0D}"
EndProject
Project("{8BC9CEB8-8B4A-11D0-8D11-00A0C91BC942}") = "_gssapi_delegation_test", "..\..\..\gssapi\test\Win32\_gssapi_delegation_test.vcproj", "{8CF1C6AF-728E-4134-8D59-7D162CF55F0D}"
EndProject
Project("{8BC9CEB8-8B4A-11D0-8D11-00A0C91BC942}") = "_gssapi_limited_delegation_test", "..\..\..\gssapi\test\Win32\_gssapi_limited_delegation_test.vcproj", "{8CF1C6AF-728E-4134-8D59-7D162CF55F0D}"
EndProject
Project("{8BC9CEB8-8B4A-11D0-8D11-00A0C91BC942}") = "_gssapi_delegation_compat_test", "..\..\..\gssapi\test\Win32\_gssapi-delegation-compat-test.vcproj", "{8CF1C6AF-728E-4134-8D59-7D162CF55F0D}"
EndProject
Project("{8BC9CEB8-8B4A-11D0-8D11-00A0C91BC942}") = "_gssapi_thread_test", "..\..\..\gssapi\test\Win32\_gssapi_thread_test.vcproj", "{8CF1C6AF-728E-4134-8D59-7D162CF55F0D}"
EndProject
Project("{8BC9CEB8-8B4A-11D0-8D11-00A0C91BC942}") = "_gssapi_context_test", "..\..\..\gssapi\test\Win32\_gssapi_context_test.vcproj", "{8CF1C6AF-728E-4134-8D59-7D162CF55F0D}"
EndProject
Project("{8BC9CEB8-8B4A-11D0-8D11-00A0C91BC942}") = "_gssapi_expimp_test", "..\..\..\gssapi\test\Win32\_gssapi_expimp_test.vcproj", "{8CF1C6AF-728E-4134-8D59-7D162CF55F0D}"
EndProject
Project("{8BC9CEB8-8B4A-11D0-8D11-00A0C91BC942}") = "_gssapi_inquire_sec_ctx_by_oid_test", "..\..\..\gssapi\test\Win32\_gssapi_inquire_sec_ctx_by_oid_test.vcproj", "{8CF1C6AF-728E-4134-8D59-7D162CF55F0D}"
EndProject
Project("{8BC9CEB8-8B4A-11D0-8D11-00A0C91BC942}") = "_gssapi_acquire_test", "..\..\..\gssapi\test\Win32\_gssapi_acquire_test.vcproj", "{8CF1C6AF-728E-4134-8D59-7D162CF55F0D}"
EndProject
Project("{8BC9CEB8-8B4A-11D0-8D11-00A0C91BC942}") = "_win_sysconfig_test", "..\..\..\sysconfig\source\win32\_win_sysconfig_test.vcproj", "{B41EBA04-0012-4614-8639-2D9024674CC8}"
EndProject
Project("{8BC9CEB8-8B4A-11D0-8D11-00A0C91BC942}") = "grid_proxy_init", "..\..\..\proxy\proxy_utils\source\win32\grid_proxy_init.vcproj", "{8971636F-B8BE-494B-B369-C01CAB5D62FF}"
EndProject
Project("{8BC9CEB8-8B4A-11D0-8D11-00A0C91BC942}") = "grid_proxy_info", "..\..\..\proxy\proxy_utils\source\win32\grid_proxy_info.vcproj", "{8971636F-B8BE-494B-B369-C01CAB5D62FF}"
EndProject
Project("{8BC9CEB8-8B4A-11D0-8D11-00A0C91BC942}") = "grid_proxy_destroy", "..\..\..\proxy\proxy_utils\source\win32\grid_proxy_destroy.vcproj", "{8971636F-B8BE-494B-B369-C01CAB5D62FF}"
EndProject
Global
	GlobalSection(SolutionConfiguration) = preSolution
		ConfigName.0 = Debug
		ConfigName.1 = DebugThr
		ConfigName.2 = Release
	EndGlobalSection
	GlobalSection(ProjectDependencies) = postSolution
	EndGlobalSection
	GlobalSection(ProjectConfiguration) = postSolution
		{AC876877-B8E6-4528-8F76-6F16BF81AD90}.Debug.ActiveCfg = Debug|Win32
		{AC876877-B8E6-4528-8F76-6F16BF81AD90}.Debug.Build.0 = Debug|Win32
		{AC876877-B8E6-4528-8F76-6F16BF81AD90}.DebugThr.ActiveCfg = Debug|Win32
		{AC876877-B8E6-4528-8F76-6F16BF81AD90}.DebugThr.Build.0 = Debug|Win32
		{AC876877-B8E6-4528-8F76-6F16BF81AD90}.Release.ActiveCfg = Release|Win32
		{AC876877-B8E6-4528-8F76-6F16BF81AD90}.Release.Build.0 = Release|Win32
		{4F439695-80FA-4DDF-8574-3AF6C8C7612F}.Debug.ActiveCfg = Debug|Win32
		{4F439695-80FA-4DDF-8574-3AF6C8C7612F}.Debug.Build.0 = Debug|Win32
		{4F439695-80FA-4DDF-8574-3AF6C8C7612F}.DebugThr.ActiveCfg = Debug|Win32
		{4F439695-80FA-4DDF-8574-3AF6C8C7612F}.DebugThr.Build.0 = Debug|Win32
		{4F439695-80FA-4DDF-8574-3AF6C8C7612F}.Release.ActiveCfg = Release|Win32
		{4F439695-80FA-4DDF-8574-3AF6C8C7612F}.Release.Build.0 = Release|Win32
		{54D6F358-9F94-4605-9F34-F82CE9B9F5D5}.Debug.ActiveCfg = Debug|Win32
		{54D6F358-9F94-4605-9F34-F82CE9B9F5D5}.Debug.Build.0 = Debug|Win32
		{54D6F358-9F94-4605-9F34-F82CE9B9F5D5}.DebugThr.ActiveCfg = Debug|Win32
		{54D6F358-9F94-4605-9F34-F82CE9B9F5D5}.DebugThr.Build.0 = Debug|Win32
		{54D6F358-9F94-4605-9F34-F82CE9B9F5D5}.Release.ActiveCfg = Release|Win32
		{54D6F358-9F94-4605-9F34-F82CE9B9F5D5}.Release.Build.0 = Release|Win32
		{54D6F358-9F94-4605-9F34-F82CE9B9F5D5}.Debug.ActiveCfg = Debug|Win32
		{54D6F358-9F94-4605-9F34-F82CE9B9F5D5}.Debug.Build.0 = Debug|Win32
		{54D6F358-9F94-4605-9F34-F82CE9B9F5D5}.DebugThr.ActiveCfg = Debug|Win32
		{54D6F358-9F94-4605-9F34-F82CE9B9F5D5}.DebugThr.Build.0 = Debug|Win32
		{54D6F358-9F94-4605-9F34-F82CE9B9F5D5}.Release.ActiveCfg = Release|Win32
		{54D6F358-9F94-4605-9F34-F82CE9B9F5D5}.Release.Build.0 = Release|Win32
		{48B7BE8F-92AB-4849-BB65-94F60AC3AF2A}.Debug.ActiveCfg = Debug|Win32
		{48B7BE8F-92AB-4849-BB65-94F60AC3AF2A}.Debug.Build.0 = Debug|Win32
		{48B7BE8F-92AB-4849-BB65-94F60AC3AF2A}.DebugThr.ActiveCfg = Debug|Win32
		{48B7BE8F-92AB-4849-BB65-94F60AC3AF2A}.DebugThr.Build.0 = Debug|Win32
		{48B7BE8F-92AB-4849-BB65-94F60AC3AF2A}.Release.ActiveCfg = Release|Win32
		{48B7BE8F-92AB-4849-BB65-94F60AC3AF2A}.Release.Build.0 = Release|Win32
		{E73FF829-FD91-49F5-98C7-56D68A0707A2}.Debug.ActiveCfg = Debug|Win32
		{E73FF829-FD91-49F5-98C7-56D68A0707A2}.Debug.Build.0 = Debug|Win32
		{E73FF829-FD91-49F5-98C7-56D68A0707A2}.DebugThr.ActiveCfg = Debug|Win32
		{E73FF829-FD91-49F5-98C7-56D68A0707A2}.DebugThr.Build.0 = Debug|Win32
		{E73FF829-FD91-49F5-98C7-56D68A0707A2}.Release.ActiveCfg = Release|Win32
		{E73FF829-FD91-49F5-98C7-56D68A0707A2}.Release.Build.0 = Release|Win32
		{5A38A34A-94FF-4B31-BABF-E0E244BD5832}.Debug.ActiveCfg = Debug|Win32
		{5A38A34A-94FF-4B31-BABF-E0E244BD5832}.Debug.Build.0 = Debug|Win32
		{5A38A34A-94FF-4B31-BABF-E0E244BD5832}.DebugThr.ActiveCfg = Debug|Win32
		{5A38A34A-94FF-4B31-BABF-E0E244BD5832}.DebugThr.Build.0 = Debug|Win32
		{5A38A34A-94FF-4B31-BABF-E0E244BD5832}.Release.ActiveCfg = Release|Win32
		{5A38A34A-94FF-4B31-BABF-E0E244BD5832}.Release.Build.0 = Release|Win32
		{48B7BE8F-92AB-4849-BB65-94F60AC3AF2A}.Debug.ActiveCfg = Debug|Win32
		{48B7BE8F-92AB-4849-BB65-94F60AC3AF2A}.Debug.Build.0 = Debug|Win32
		{48B7BE8F-92AB-4849-BB65-94F60AC3AF2A}.DebugThr.ActiveCfg = Debug|Win32
		{48B7BE8F-92AB-4849-BB65-94F60AC3AF2A}.DebugThr.Build.0 = Debug|Win32
		{48B7BE8F-92AB-4849-BB65-94F60AC3AF2A}.Release.ActiveCfg = Release|Win32
		{48B7BE8F-92AB-4849-BB65-94F60AC3AF2A}.Release.Build.0 = Release|Win32
		{7B7AE5C4-CC58-4CFB-AFE0-A58DB355D97E}.Debug.ActiveCfg = Debug|Win32
		{7B7AE5C4-CC58-4CFB-AFE0-A58DB355D97E}.Debug.Build.0 = Debug|Win32
		{7B7AE5C4-CC58-4CFB-AFE0-A58DB355D97E}.DebugThr.ActiveCfg = Debug|Win32
		{7B7AE5C4-CC58-4CFB-AFE0-A58DB355D97E}.DebugThr.Build.0 = Debug|Win32
		{7B7AE5C4-CC58-4CFB-AFE0-A58DB355D97E}.Release.ActiveCfg = Release|Win32
		{7B7AE5C4-CC58-4CFB-AFE0-A58DB355D97E}.Release.Build.0 = Release|Win32
		{7D49CE5F-242F-4D69-B598-5B5F7FB692E0}.Debug.ActiveCfg = Debug|Win32
		{7D49CE5F-242F-4D69-B598-5B5F7FB692E0}.Debug.Build.0 = Debug|Win32
		{7D49CE5F-242F-4D69-B598-5B5F7FB692E0}.DebugThr.ActiveCfg = Debug|Win32
		{7D49CE5F-242F-4D69-B598-5B5F7FB692E0}.DebugThr.Build.0 = Debug|Win32
		{7D49CE5F-242F-4D69-B598-5B5F7FB692E0}.Release.ActiveCfg = Release|Win32
		{7D49CE5F-242F-4D69-B598-5B5F7FB692E0}.Release.Build.0 = Release|Win32
		{6D9D23EA-9A66-4C40-B5A5-93AB67D269EB}.Debug.ActiveCfg = Debug|Win32
		{6D9D23EA-9A66-4C40-B5A5-93AB67D269EB}.Debug.Build.0 = Debug|Win32
		{6D9D23EA-9A66-4C40-B5A5-93AB67D269EB}.DebugThr.ActiveCfg = Debug|Win32
		{6D9D23EA-9A66-4C40-B5A5-93AB67D269EB}.DebugThr.Build.0 = Debug|Win32
		{6D9D23EA-9A66-4C40-B5A5-93AB67D269EB}.Release.ActiveCfg = Release|Win32
		{6D9D23EA-9A66-4C40-B5A5-93AB67D269EB}.Release.Build.0 = Release|Win32
		{04848777-C8F2-4FEC-BAB7-E7EE597E5414}.Debug.ActiveCfg = Debug|Win32
		{04848777-C8F2-4FEC-BAB7-E7EE597E5414}.Debug.Build.0 = Debug|Win32
		{04848777-C8F2-4FEC-BAB7-E7EE597E5414}.DebugThr.ActiveCfg = Debug|Win32
		{04848777-C8F2-4FEC-BAB7-E7EE597E5414}.DebugThr.Build.0 = Debug|Win32
		{04848777-C8F2-4FEC-BAB7-E7EE597E5414}.Release.ActiveCfg = Release|Win32
		{04848777-C8F2-4FEC-BAB7-E7EE597E5414}.Release.Build.0 = Release|Win32
		{0B528945-6D57-4EDE-8FA0-B2E3AFFA2DC9}.Debug.ActiveCfg = Debug|Win32
		{0B528945-6D57-4EDE-8FA0-B2E3AFFA2DC9}.Debug.Build.0 = Debug|Win32
		{0B528945-6D57-4EDE-8FA0-B2E3AFFA2DC9}.DebugThr.ActiveCfg = Debug|Win32
		{0B528945-6D57-4EDE-8FA0-B2E3AFFA2DC9}.DebugThr.Build.0 = Debug|Win32
		{0B528945-6D57-4EDE-8FA0-B2E3AFFA2DC9}.Release.ActiveCfg = Release|Win32
		{0B528945-6D57-4EDE-8FA0-B2E3AFFA2DC9}.Release.Build.0 = Release|Win32
		{CE575C0F-823C-470E-89EC-95363240433C}.Debug.ActiveCfg = Debug|Win32
		{CE575C0F-823C-470E-89EC-95363240433C}.Debug.Build.0 = Debug|Win32
		{CE575C0F-823C-470E-89EC-95363240433C}.DebugThr.ActiveCfg = Debug|Win32
		{CE575C0F-823C-470E-89EC-95363240433C}.DebugThr.Build.0 = Debug|Win32
		{CE575C0F-823C-470E-89EC-95363240433C}.Release.ActiveCfg = Release|Win32
		{CE575C0F-823C-470E-89EC-95363240433C}.Release.Build.0 = Release|Win32
		{8CF1C6AF-728E-4134-8D59-7D162CF55F0D}.Debug.ActiveCfg = Debug|Win32
		{8CF1C6AF-728E-4134-8D59-7D162CF55F0D}.Debug.Build.0 = Debug|Win32
		{8CF1C6AF-728E-4134-8D59-7D162CF55F0D}.DebugThr.ActiveCfg = Debug|Win32
		{8CF1C6AF-728E-4134-8D59-7D162CF55F0D}.DebugThr.Build.0 = Debug|Win32
		{8CF1C6AF-728E-4134-8D59-7D162CF55F0D}.Release.ActiveCfg = Release|Win32
		{8CF1C6AF-728E-4134-8D59-7D162CF55F0D}.Release.Build.0 = Release|Win32
		{8CF1C6AF-728E-4134-8D59-7D162CF55F0D}.Debug.ActiveCfg = Debug|Win32
		{8CF1C6AF-728E-4134-8D59-7D162CF55F0D}.Debug.Build.0 = Debug|Win32
		{8CF1C6AF-728E-4134-8D59-7D162CF55F0D}.DebugThr.ActiveCfg = Debug|Win32
		{8CF1C6AF-728E-4134-8D59-7D162CF55F0D}.DebugThr.Build.0 = Debug|Win32
		{8CF1C6AF-728E-4134-8D59-7D162CF55F0D}.Release.ActiveCfg = Release|Win32
		{8CF1C6AF-728E-4134-8D59-7D162CF55F0D}.Release.Build.0 = Release|Win32
		{8CF1C6AF-728E-4134-8D59-7D162CF55F0D}.Debug.ActiveCfg = Debug|Win32
		{8CF1C6AF-728E-4134-8D59-7D162CF55F0D}.Debug.Build.0 = Debug|Win32
		{8CF1C6AF-728E-4134-8D59-7D162CF55F0D}.DebugThr.ActiveCfg = Debug|Win32
		{8CF1C6AF-728E-4134-8D59-7D162CF55F0D}.DebugThr.Build.0 = Debug|Win32
		{8CF1C6AF-728E-4134-8D59-7D162CF55F0D}.Release.ActiveCfg = Release|Win32
		{8CF1C6AF-728E-4134-8D59-7D162CF55F0D}.Release.Build.0 = Release|Win32
		{8CF1C6AF-728E-4134-8D59-7D162CF55F0D}.Debug.ActiveCfg = Debug|Win32
		{8CF1C6AF-728E-4134-8D59-7D162CF55F0D}.Debug.Build.0 = Debug|Win32
		{8CF1C6AF-728E-4134-8D59-7D162CF55F0D}.DebugThr.ActiveCfg = Debug|Win32
		{8CF1C6AF-728E-4134-8D59-7D162CF55F0D}.DebugThr.Build.0 = Debug|Win32
		{8CF1C6AF-728E-4134-8D59-7D162CF55F0D}.Release.ActiveCfg = Release|Win32
		{8CF1C6AF-728E-4134-8D59-7D162CF55F0D}.Release.Build.0 = Release|Win32
		{8CF1C6AF-728E-4134-8D59-7D162CF55F0D}.Debug.ActiveCfg = Debug|Win32
		{8CF1C6AF-728E-4134-8D59-7D162CF55F0D}.Debug.Build.0 = Debug|Win32
		{8CF1C6AF-728E-4134-8D59-7D162CF55F0D}.DebugThr.ActiveCfg = Debug|Win32
		{8CF1C6AF-728E-4134-8D59-7D162CF55F0D}.DebugThr.Build.0 = Debug|Win32
		{8CF1C6AF-728E-4134-8D59-7D162CF55F0D}.Release.ActiveCfg = Release|Win32
		{8CF1C6AF-728E-4134-8D59-7D162CF55F0D}.Release.Build.0 = Release|Win32
		{8CF1C6AF-728E-4134-8D59-7D162CF55F0D}.Debug.ActiveCfg = Debug|Win32
		{8CF1C6AF-728E-4134-8D59-7D162CF55F0D}.Debug.Build.0 = Debug|Win32
		{8CF1C6AF-728E-4134-8D59-7D162CF55F0D}.DebugThr.ActiveCfg = Debug|Win32
		{8CF1C6AF-728E-4134-8D59-7D162CF55F0D}.DebugThr.Build.0 = Debug|Win32
		{8CF1C6AF-728E-4134-8D59-7D162CF55F0D}.Release.ActiveCfg = Release|Win32
		{8CF1C6AF-728E-4134-8D59-7D162CF55F0D}.Release.Build.0 = Release|Win32
		{8CF1C6AF-728E-4134-8D59-7D162CF55F0D}.Debug.ActiveCfg = Debug|Win32
		{8CF1C6AF-728E-4134-8D59-7D162CF55F0D}.Debug.Build.0 = Debug|Win32
		{8CF1C6AF-728E-4134-8D59-7D162CF55F0D}.DebugThr.ActiveCfg = Debug|Win32
		{8CF1C6AF-728E-4134-8D59-7D162CF55F0D}.DebugThr.Build.0 = Debug|Win32
		{8CF1C6AF-728E-4134-8D59-7D162CF55F0D}.Release.ActiveCfg = Release|Win32
		{8CF1C6AF-728E-4134-8D59-7D162CF55F0D}.Release.Build.0 = Release|Win32
		{8CF1C6AF-728E-4134-8D59-7D162CF55F0D}.Debug.ActiveCfg = Debug|Win32
		{8CF1C6AF-728E-4134-8D59-7D162CF55F0D}.Debug.Build.0 = Debug|Win32
		{8CF1C6AF-728E-4134-8D59-7D162CF55F0D}.DebugThr.ActiveCfg = Debug|Win32
		{8CF1C6AF-728E-4134-8D59-7D162CF55F0D}.DebugThr.Build.0 = Debug|Win32
		{8CF1C6AF-728E-4134-8D59-7D162CF55F0D}.Release.ActiveCfg = Release|Win32
		{8CF1C6AF-728E-4134-8D59-7D162CF55F0D}.Release.Build.0 = Release|Win32
		{8CF1C6AF-728E-4134-8D59-7D162CF55F0D}.Debug.ActiveCfg = Debug|Win32
		{8CF1C6AF-728E-4134-8D59-7D162CF55F0D}.Debug.Build.0 = Debug|Win32
		{8CF1C6AF-728E-4134-8D59-7D162CF55F0D}.DebugThr.ActiveCfg = Debug|Win32
		{8CF1C6AF-728E-4134-8D59-7D162CF55F0D}.DebugThr.Build.0 = Debug|Win32
		{8CF1C6AF-728E-4134-8D59-7D162CF55F0D}.Release.ActiveCfg = Release|Win32
		{8CF1C6AF-728E-4134-8D59-7D162CF55F0D}.Release.Build.0 = Release|Win32
		{B41EBA04-0012-4614-8639-2D9024674CC8}.Debug.ActiveCfg = Debug|Win32
		{B41EBA04-0012-4614-8639-2D9024674CC8}.Debug.Build.0 = Debug|Win32
		{B41EBA04-0012-4614-8639-2D9024674CC8}.DebugThr.ActiveCfg = Debug|Win32
		{B41EBA04-0012-4614-8639-2D9024674CC8}.DebugThr.Build.0 = Debug|Win32
		{B41EBA04-0012-4614-8639-2D9024674CC8}.Release.ActiveCfg = Release|Win32
		{B41EBA04-0012-4614-8639-2D9024674CC8}.Release.Build.0 = Release|Win32
		{8971636F-B8BE-494B-B369-C01CAB5D62FF}.Debug.ActiveCfg = Debug|Win32
		{8971636F-B8BE-494B-B369-C01CAB5D62FF}.Debug.Build.0 = Debug|Win32
		{8971636F-B8BE-494B-B369-C01CAB5D62FF}.DebugThr.ActiveCfg = Debug|Win32
		{8971636F-B8BE-494B-B369-C01CAB5D62FF}.DebugThr.Build.0 = Debug|Win32
		{8971636F-B8BE-494B-B369-C01CAB5D62FF}.Release.ActiveCfg = Release|Win32
		{8971636F-B8BE-494B-B369-C01CAB5D62FF}.Release.Build.0 = Release|Win32
		{8971636F-B8BE-494B-B369-C01CAB5D62FF}.Debug.ActiveCfg = Debug|Win32
		{8971636F-B8BE-494B-B369-C01CAB5D62FF}.Debug.Build.0 = Debug|Win32
		{8971636F-B8BE-494B-B369-C01CAB5D62FF}.DebugThr.ActiveCfg = Debug|Win32
		{8971636F-B8BE-494B-B369-C01CAB5D62FF}.DebugThr.Build.0 = Debug|Win32
		{8971636F-B8BE-494B-B369-C01CAB5D62FF}.Release.ActiveCfg = Release|Win32
		{8971636F-B8BE-494B-B369-C01CAB5D62FF}.Release.Build.0 = Release|Win32
		{8971636F-B8BE-494B-B369-C01CAB5D62FF}.Debug.ActiveCfg = Debug|Win32
		{8971636F-B8BE-494B-B369-C01CAB5D62FF}.Debug.Build.0 = Debug|Win32
		{8971636F-B8BE-494B-B369-C01CAB5D62FF}.DebugThr.ActiveCfg = Debug|Win32
		{8971636F-B8BE-494B-B369-C01CAB5D62FF}.DebugThr.Build.0 = Debug|Win32
		{8971636F-B8BE-494B-B369-C01CAB5D62FF}.Release.ActiveCfg = Release|Win32
		{8971636F-B8BE-494B-B369-C01CAB5D62FF}.Release.Build.0 = Release|Win32
	EndGlobalSection
	GlobalSection(ExtensibilityGlobals) = postSolution
	EndGlobalSection
	GlobalSection(ExtensibilityAddIns) = postSolution
	EndGlobalSection
EndGlobal
