Microsoft Visual Studio Solution File, Format Version 7.00
Project("{8BC9CEB8-8B4A-11D0-8D11-00A0C91BC942}") = "IODebugThreadedLib", "..\..\..\io\source\win32\IODebugThreadedLib.vcproj", "{F09430BF-80D7-4294-9122-19D5B7F71D32}"
EndProject
Project("{8BC9CEB8-8B4A-11D0-8D11-00A0C91BC942}") = "IODebugLib", "..\..\..\io\source\win32\IODebugLib.vcproj", "{B69526B8-3627-40A8-87F0-D79664657EF3}"
EndProject
Project("{8BC9CEB8-8B4A-11D0-8D11-00A0C91BC942}") = "io_tcp_test_client", "..\..\..\io\test\win32\TestClient.vcproj", "{D4AFEDF4-A4BB-4BD7-A3CC-CE6A6D9BF9A3}"
EndProject
Project("{8BC9CEB8-8B4A-11D0-8D11-00A0C91BC942}") = "globus_io_tcp_test", "..\..\..\io\test\win32\globus_io_tcp_test.vcproj", "{0B1D6370-F101-4285-A973-77A7E46364DE}"
EndProject
Global
	GlobalSection(SolutionConfiguration) = preSolution
		ConfigName.0 = Debug
		ConfigName.1 = DebugThr
		ConfigName.2 = Release
	EndGlobalSection
	GlobalSection(ProjectDependencies) = postSolution
		{0B1D6370-F101-4285-A973-77A7E46364DE}.0 = {F09430BF-80D7-4294-9122-19D5B7F71D32}
	EndGlobalSection
	GlobalSection(ProjectConfiguration) = postSolution
		{F09430BF-80D7-4294-9122-19D5B7F71D32}.Debug.ActiveCfg = Debug|Win32
		{F09430BF-80D7-4294-9122-19D5B7F71D32}.Debug.Build.0 = Debug|Win32
		{F09430BF-80D7-4294-9122-19D5B7F71D32}.DebugThr.ActiveCfg = Debug|Win32
		{F09430BF-80D7-4294-9122-19D5B7F71D32}.DebugThr.Build.0 = Debug|Win32
		{F09430BF-80D7-4294-9122-19D5B7F71D32}.Release.ActiveCfg = Release|Win32
		{F09430BF-80D7-4294-9122-19D5B7F71D32}.Release.Build.0 = Release|Win32
		{B69526B8-3627-40A8-87F0-D79664657EF3}.Debug.ActiveCfg = Debug|Win32
		{B69526B8-3627-40A8-87F0-D79664657EF3}.Debug.Build.0 = Debug|Win32
		{B69526B8-3627-40A8-87F0-D79664657EF3}.DebugThr.ActiveCfg = Debug|Win32
		{B69526B8-3627-40A8-87F0-D79664657EF3}.DebugThr.Build.0 = Debug|Win32
		{B69526B8-3627-40A8-87F0-D79664657EF3}.Release.ActiveCfg = Release|Win32
		{B69526B8-3627-40A8-87F0-D79664657EF3}.Release.Build.0 = Release|Win32
		{D4AFEDF4-A4BB-4BD7-A3CC-CE6A6D9BF9A3}.Debug.ActiveCfg = Debug|Win32
		{D4AFEDF4-A4BB-4BD7-A3CC-CE6A6D9BF9A3}.Debug.Build.0 = Debug|Win32
		{D4AFEDF4-A4BB-4BD7-A3CC-CE6A6D9BF9A3}.DebugThr.ActiveCfg = Debug|Win32
		{D4AFEDF4-A4BB-4BD7-A3CC-CE6A6D9BF9A3}.DebugThr.Build.0 = Debug|Win32
		{D4AFEDF4-A4BB-4BD7-A3CC-CE6A6D9BF9A3}.Release.ActiveCfg = Release|Win32
		{D4AFEDF4-A4BB-4BD7-A3CC-CE6A6D9BF9A3}.Release.Build.0 = Release|Win32
		{0B1D6370-F101-4285-A973-77A7E46364DE}.Debug.ActiveCfg = Debug|Win32
		{0B1D6370-F101-4285-A973-77A7E46364DE}.Debug.Build.0 = Debug|Win32
		{0B1D6370-F101-4285-A973-77A7E46364DE}.DebugThr.ActiveCfg = Debug|Win32
		{0B1D6370-F101-4285-A973-77A7E46364DE}.DebugThr.Build.0 = Debug|Win32
		{0B1D6370-F101-4285-A973-77A7E46364DE}.Release.ActiveCfg = Release|Win32
		{0B1D6370-F101-4285-A973-77A7E46364DE}.Release.Build.0 = Release|Win32
	EndGlobalSection
	GlobalSection(ExtensibilityGlobals) = postSolution
	EndGlobalSection
	GlobalSection(ExtensibilityAddIns) = postSolution
	EndGlobalSection
EndGlobal
