Microsoft Visual Studio Solution File, Format Version 7.00
Project("{8BC9CEB8-8B4A-11D0-8D11-00A0C91BC942}") = "ControlDebugLib", "..\..\..\..\gridftp\control\source\win32\ControlDebugLib.vcproj", "{8E150BB1-6A53-4933-B018-0A97BB18CB73}"
EndProject
Project("{8BC9CEB8-8B4A-11D0-8D11-00A0C91BC942}") = "ControlDebugLibThr", "..\..\..\..\gridftp\control\source\win32\ControlDebugLibThr.vcproj", "{EDD32BA7-2A9B-40BC-BDC0-2117859A6D62}"
EndProject
Project("{8BC9CEB8-8B4A-11D0-8D11-00A0C91BC942}") = "ClientDebugLib", "..\..\..\..\gridftp\client\source\win32\ClientDebugLib.vcproj", "{0CD0622C-C584-4781-B547-561411E864FF}"
EndProject
Project("{8BC9CEB8-8B4A-11D0-8D11-00A0C91BC942}") = "ClientDebugLibThr", "..\..\..\..\gridftp\client\source\win32\ClientDebugLibThr.vcproj", "{16B9F788-DBFE-4B3F-809A-35A398F97417}"
EndProject
Global
	GlobalSection(SolutionConfiguration) = preSolution
		ConfigName.0 = Debug
		ConfigName.1 = DebugThr
		ConfigName.2 = Release
	EndGlobalSection
	GlobalSection(ProjectDependencies) = postSolution
	EndGlobalSection
	GlobalSection(ProjectConfiguration) = postSolution
		{8E150BB1-6A53-4933-B018-0A97BB18CB73}.Debug.ActiveCfg = Debug|Win32
		{8E150BB1-6A53-4933-B018-0A97BB18CB73}.Debug.Build.0 = Debug|Win32
		{8E150BB1-6A53-4933-B018-0A97BB18CB73}.DebugThr.ActiveCfg = Debug|Win32
		{8E150BB1-6A53-4933-B018-0A97BB18CB73}.DebugThr.Build.0 = Debug|Win32
		{8E150BB1-6A53-4933-B018-0A97BB18CB73}.Release.ActiveCfg = Release|Win32
		{8E150BB1-6A53-4933-B018-0A97BB18CB73}.Release.Build.0 = Release|Win32
		{EDD32BA7-2A9B-40BC-BDC0-2117859A6D62}.Debug.ActiveCfg = Debug|Win32
		{EDD32BA7-2A9B-40BC-BDC0-2117859A6D62}.Debug.Build.0 = Debug|Win32
		{EDD32BA7-2A9B-40BC-BDC0-2117859A6D62}.DebugThr.ActiveCfg = Debug|Win32
		{EDD32BA7-2A9B-40BC-BDC0-2117859A6D62}.DebugThr.Build.0 = Debug|Win32
		{EDD32BA7-2A9B-40BC-BDC0-2117859A6D62}.Release.ActiveCfg = Release|Win32
		{EDD32BA7-2A9B-40BC-BDC0-2117859A6D62}.Release.Build.0 = Release|Win32
		{0CD0622C-C584-4781-B547-561411E864FF}.Debug.ActiveCfg = Debug|Win32
		{0CD0622C-C584-4781-B547-561411E864FF}.Debug.Build.0 = Debug|Win32
		{0CD0622C-C584-4781-B547-561411E864FF}.DebugThr.ActiveCfg = Debug|Win32
		{0CD0622C-C584-4781-B547-561411E864FF}.DebugThr.Build.0 = Debug|Win32
		{0CD0622C-C584-4781-B547-561411E864FF}.Release.ActiveCfg = Release|Win32
		{0CD0622C-C584-4781-B547-561411E864FF}.Release.Build.0 = Release|Win32
		{16B9F788-DBFE-4B3F-809A-35A398F97417}.Debug.ActiveCfg = Debug|Win32
		{16B9F788-DBFE-4B3F-809A-35A398F97417}.Debug.Build.0 = Debug|Win32
		{16B9F788-DBFE-4B3F-809A-35A398F97417}.DebugThr.ActiveCfg = Debug|Win32
		{16B9F788-DBFE-4B3F-809A-35A398F97417}.DebugThr.Build.0 = Debug|Win32
		{16B9F788-DBFE-4B3F-809A-35A398F97417}.Release.ActiveCfg = Release|Win32
		{16B9F788-DBFE-4B3F-809A-35A398F97417}.Release.Build.0 = Release|Win32
	EndGlobalSection
	GlobalSection(ExtensibilityGlobals) = postSolution
	EndGlobalSection
	GlobalSection(ExtensibilityAddIns) = postSolution
	EndGlobalSection
EndGlobal
