Microsoft Visual Studio Solution File, Format Version 7.00
Project("{8BC9CEB8-8B4A-11D0-8D11-00A0C91BC942}") = "_callout_test", "callout_test.vcproj", "{8CF1C6AF-728E-4134-8D59-7D162CF55F0D}"
EndProject
Project("{8BC9CEB8-8B4A-11D0-8D11-00A0C91BC942}") = "CalloutLib", "CalloutLib.vcproj", "{B6664A4E-FD65-45D8-BFD8-69D4580C08F5}"
EndProject
Project("{8BC9CEB8-8B4A-11D0-8D11-00A0C91BC942}") = "CalloutDebugDLL", "CalloutDLL.vcproj", "{6A0742FB-0DD7-475A-8BE9-B9906C0F87F3}"
EndProject
Project("{8BC9CEB8-8B4A-11D0-8D11-00A0C91BC942}") = "MyTest", "MyTest\MyTest.vcproj", "{994F6BC1-E798-4E74-BF4D-0BE76A316645}"
EndProject
Project("{8BC9CEB8-8B4A-11D0-8D11-00A0C91BC942}") = "libtest", "libtest.vcproj", "{6914AACF-4316-4396-B097-DCDBFB231851}"
EndProject
Global
	GlobalSection(SolutionConfiguration) = preSolution
		ConfigName.0 = Debug
		ConfigName.1 = Release
	EndGlobalSection
	GlobalSection(ProjectDependencies) = postSolution
	EndGlobalSection
	GlobalSection(ProjectConfiguration) = postSolution
		{8CF1C6AF-728E-4134-8D59-7D162CF55F0D}.Debug.ActiveCfg = Debug|Win32
		{8CF1C6AF-728E-4134-8D59-7D162CF55F0D}.Debug.Build.0 = Debug|Win32
		{8CF1C6AF-728E-4134-8D59-7D162CF55F0D}.Release.ActiveCfg = Release|Win32
		{8CF1C6AF-728E-4134-8D59-7D162CF55F0D}.Release.Build.0 = Release|Win32
		{B6664A4E-FD65-45D8-BFD8-69D4580C08F5}.Debug.ActiveCfg = Debug|Win32
		{B6664A4E-FD65-45D8-BFD8-69D4580C08F5}.Debug.Build.0 = Debug|Win32
		{B6664A4E-FD65-45D8-BFD8-69D4580C08F5}.Release.ActiveCfg = Release|Win32
		{B6664A4E-FD65-45D8-BFD8-69D4580C08F5}.Release.Build.0 = Release|Win32
		{6A0742FB-0DD7-475A-8BE9-B9906C0F87F3}.Debug.ActiveCfg = Debug|Win32
		{6A0742FB-0DD7-475A-8BE9-B9906C0F87F3}.Debug.Build.0 = Debug|Win32
		{6A0742FB-0DD7-475A-8BE9-B9906C0F87F3}.Release.ActiveCfg = Release|Win32
		{6A0742FB-0DD7-475A-8BE9-B9906C0F87F3}.Release.Build.0 = Release|Win32
		{994F6BC1-E798-4E74-BF4D-0BE76A316645}.Debug.ActiveCfg = Debug|Win32
		{994F6BC1-E798-4E74-BF4D-0BE76A316645}.Debug.Build.0 = Debug|Win32
		{994F6BC1-E798-4E74-BF4D-0BE76A316645}.Release.ActiveCfg = Release|Win32
		{994F6BC1-E798-4E74-BF4D-0BE76A316645}.Release.Build.0 = Release|Win32
		{6914AACF-4316-4396-B097-DCDBFB231851}.Debug.ActiveCfg = Debug|Win32
		{6914AACF-4316-4396-B097-DCDBFB231851}.Debug.Build.0 = Debug|Win32
		{6914AACF-4316-4396-B097-DCDBFB231851}.Release.ActiveCfg = Release|Win32
		{6914AACF-4316-4396-B097-DCDBFB231851}.Release.Build.0 = Release|Win32
	EndGlobalSection
	GlobalSection(ExtensibilityGlobals) = postSolution
	EndGlobalSection
	GlobalSection(ExtensibilityAddIns) = postSolution
	EndGlobalSection
EndGlobal
