Microsoft Visual Studio Solution File, Format Version 7.00
Project("{8BC9CEB8-8B4A-11D0-8D11-00A0C91BC942}") = "gass_copy_Lib", "..\..\..\..\gass\copy\source\win32\gass_copy_DebugLib.vcproj", "{99C4490C-C219-4E0A-8BCD-32FCB3E230BA}"
EndProject
Project("{8BC9CEB8-8B4A-11D0-8D11-00A0C91BC942}") = "gass_copy_LibThr", "..\..\..\..\gass\copy\source\win32\gass_copy_DebugLibThr.vcproj", "{F1F57FA4-7575-4781-B2EB-DB5CB4713557}"
EndProject
Project("{8BC9CEB8-8B4A-11D0-8D11-00A0C91BC942}") = "gass_globus-url-copy", "..\..\..\..\gass\copy\source\win32\globus-url-copy.vcproj", "{5E9632EC-EA27-4A4A-A10E-621C5FF225F6}"
EndProject
Project("{8BC9CEB8-8B4A-11D0-8D11-00A0C91BC942}") = "gass_globus-url-copy-thr", "..\..\..\..\gass\copy\source\win32\globus-url-copy-thr.vcproj", "{EF997ACF-99DC-4132-B0C0-9EF68190CAD9}"
EndProject
Project("{8BC9CEB8-8B4A-11D0-8D11-00A0C91BC942}") = "gass_server_ez", "..\..\..\..\gass\server_ez\source\win32\gass_server_ez.vcproj", "{78A00573-72A5-4B03-A1C4-4F1AFA91BCA3}"
EndProject
Project("{8BC9CEB8-8B4A-11D0-8D11-00A0C91BC942}") = "gass_transfer_Lib", "..\..\..\..\gass\transfer\source\win32\gass_transfer_lib.vcproj", "{3DCA3F92-7CCF-4170-8E83-F3FC7AC204A7}"
EndProject
Project("{8BC9CEB8-8B4A-11D0-8D11-00A0C91BC942}") = "gass_transfer_LibThr", "..\..\..\..\gass\transfer\source\win32\gass_transfer_libthr.vcproj", "{25C247EC-2E23-48FF-8A64-6C924D62258C}"
EndProject
Global
	GlobalSection(SolutionConfiguration) = preSolution
		ConfigName.0 = Debug
		ConfigName.1 = DebugThr
		ConfigName.2 = Release
	EndGlobalSection
	GlobalSection(ProjectDependencies) = postSolution
	EndGlobalSection
	GlobalSection(ProjectConfiguration) = postSolution
		{99C4490C-C219-4E0A-8BCD-32FCB3E230BA}.Debug.ActiveCfg = Debug|Win32
		{99C4490C-C219-4E0A-8BCD-32FCB3E230BA}.Debug.Build.0 = Debug|Win32
		{99C4490C-C219-4E0A-8BCD-32FCB3E230BA}.DebugThr.ActiveCfg = Debug|Win32
		{99C4490C-C219-4E0A-8BCD-32FCB3E230BA}.DebugThr.Build.0 = Debug|Win32
		{99C4490C-C219-4E0A-8BCD-32FCB3E230BA}.Release.ActiveCfg = Release|Win32
		{99C4490C-C219-4E0A-8BCD-32FCB3E230BA}.Release.Build.0 = Release|Win32
		{F1F57FA4-7575-4781-B2EB-DB5CB4713557}.Debug.ActiveCfg = Debug|Win32
		{F1F57FA4-7575-4781-B2EB-DB5CB4713557}.Debug.Build.0 = Debug|Win32
		{F1F57FA4-7575-4781-B2EB-DB5CB4713557}.DebugThr.ActiveCfg = Debug|Win32
		{F1F57FA4-7575-4781-B2EB-DB5CB4713557}.DebugThr.Build.0 = Debug|Win32
		{F1F57FA4-7575-4781-B2EB-DB5CB4713557}.Release.ActiveCfg = Release|Win32
		{F1F57FA4-7575-4781-B2EB-DB5CB4713557}.Release.Build.0 = Release|Win32
		{5E9632EC-EA27-4A4A-A10E-621C5FF225F6}.Debug.ActiveCfg = Debug|Win32
		{5E9632EC-EA27-4A4A-A10E-621C5FF225F6}.Debug.Build.0 = Debug|Win32
		{5E9632EC-EA27-4A4A-A10E-621C5FF225F6}.DebugThr.ActiveCfg = Debug|Win32
		{5E9632EC-EA27-4A4A-A10E-621C5FF225F6}.DebugThr.Build.0 = Debug|Win32
		{5E9632EC-EA27-4A4A-A10E-621C5FF225F6}.Release.ActiveCfg = Release|Win32
		{5E9632EC-EA27-4A4A-A10E-621C5FF225F6}.Release.Build.0 = Release|Win32
		{EF997ACF-99DC-4132-B0C0-9EF68190CAD9}.Debug.ActiveCfg = Debug|Win32
		{EF997ACF-99DC-4132-B0C0-9EF68190CAD9}.Debug.Build.0 = Debug|Win32
		{EF997ACF-99DC-4132-B0C0-9EF68190CAD9}.DebugThr.ActiveCfg = Debug|Win32
		{EF997ACF-99DC-4132-B0C0-9EF68190CAD9}.DebugThr.Build.0 = Debug|Win32
		{EF997ACF-99DC-4132-B0C0-9EF68190CAD9}.Release.ActiveCfg = Release|Win32
		{EF997ACF-99DC-4132-B0C0-9EF68190CAD9}.Release.Build.0 = Release|Win32
		{78A00573-72A5-4B03-A1C4-4F1AFA91BCA3}.Debug.ActiveCfg = Debug|Win32
		{78A00573-72A5-4B03-A1C4-4F1AFA91BCA3}.Debug.Build.0 = Debug|Win32
		{78A00573-72A5-4B03-A1C4-4F1AFA91BCA3}.DebugThr.ActiveCfg = DebugThr|Win32
		{78A00573-72A5-4B03-A1C4-4F1AFA91BCA3}.DebugThr.Build.0 = DebugThr|Win32
		{78A00573-72A5-4B03-A1C4-4F1AFA91BCA3}.Release.ActiveCfg = Release|Win32
		{78A00573-72A5-4B03-A1C4-4F1AFA91BCA3}.Release.Build.0 = Release|Win32
		{3DCA3F92-7CCF-4170-8E83-F3FC7AC204A7}.Debug.ActiveCfg = Debug|Win32
		{3DCA3F92-7CCF-4170-8E83-F3FC7AC204A7}.Debug.Build.0 = Debug|Win32
		{3DCA3F92-7CCF-4170-8E83-F3FC7AC204A7}.DebugThr.ActiveCfg = Debug|Win32
		{3DCA3F92-7CCF-4170-8E83-F3FC7AC204A7}.DebugThr.Build.0 = Debug|Win32
		{3DCA3F92-7CCF-4170-8E83-F3FC7AC204A7}.Release.ActiveCfg = Release|Win32
		{3DCA3F92-7CCF-4170-8E83-F3FC7AC204A7}.Release.Build.0 = Release|Win32
		{25C247EC-2E23-48FF-8A64-6C924D62258C}.Debug.ActiveCfg = Debug|Win32
		{25C247EC-2E23-48FF-8A64-6C924D62258C}.Debug.Build.0 = Debug|Win32
		{25C247EC-2E23-48FF-8A64-6C924D62258C}.DebugThr.ActiveCfg = Debug|Win32
		{25C247EC-2E23-48FF-8A64-6C924D62258C}.DebugThr.Build.0 = Debug|Win32
		{25C247EC-2E23-48FF-8A64-6C924D62258C}.Release.ActiveCfg = Release|Win32
		{25C247EC-2E23-48FF-8A64-6C924D62258C}.Release.Build.0 = Release|Win32
	EndGlobalSection
	GlobalSection(ExtensibilityGlobals) = postSolution
	EndGlobalSection
	GlobalSection(ExtensibilityAddIns) = postSolution
	EndGlobalSection
EndGlobal
