Microsoft Visual Studio Solution File, Format Version 7.00
Project("{8BC9CEB8-8B4A-11D0-8D11-00A0C91BC942}") = "CommonDebugLib", "..\..\..\common\source\win32\DebugLib.vcproj", "{FD7449B6-2CD3-4584-BC22-7181CD906B73}"
EndProject
Project("{8BC9CEB8-8B4A-11D0-8D11-00A0C91BC942}") = "CommonDebugThreadedLib", "..\..\..\common\source\win32\DebugThreadedLib.vcproj", "{63F381CD-C469-42F2-8C8F-028C23CAEC34}"
EndProject
Project("{8BC9CEB8-8B4A-11D0-8D11-00A0C91BC942}") = "CommonArgsTest", "..\..\..\common\test\win32\ArgsTest.vcproj", "{78DA3328-5644-458D-B1AB-094C1ADA0401}"
EndProject
Project("{8BC9CEB8-8B4A-11D0-8D11-00A0C91BC942}") = "CommonPollTest", "..\..\..\common\test\win32\CallbackTest.vcproj", "{7ED990B2-8D46-4415-8677-81D0EA4AD54C}"
EndProject
Project("{8BC9CEB8-8B4A-11D0-8D11-00A0C91BC942}") = "CommonErrorStringTest", "..\..\..\common\test\win32\ErrorStringTest.vcproj", "{D32FFCC0-2F89-46C2-A3C3-728CF0BCD913}"
EndProject
Project("{8BC9CEB8-8B4A-11D0-8D11-00A0C91BC942}") = "CommonErrorTest", "..\..\..\common\test\win32\ErrorTest.vcproj", "{3E6357C5-B54C-45A3-AC76-366BBB5E93F2}"
EndProject
Project("{8BC9CEB8-8B4A-11D0-8D11-00A0C91BC942}") = "CommonFifoTest", "..\..\..\common\test\win32\FifoTest.vcproj", "{78857193-BA0B-4FB7-A1E3-1B65D52498A5}"
EndProject
Project("{8BC9CEB8-8B4A-11D0-8D11-00A0C91BC942}") = "CommonHandleTableTest", "..\..\..\common\test\win32\HandleTable.vcproj", "{0D25052A-9FD9-4624-BD33-890B7105A5AC}"
EndProject
Project("{8BC9CEB8-8B4A-11D0-8D11-00A0C91BC942}") = "CommonHashtableTest", "..\..\..\common\test\win32\HashtableTest.vcproj", "{A1C7CBBE-7E9E-45DE-847A-3EAFF9F6ADD5}"
EndProject
Project("{8BC9CEB8-8B4A-11D0-8D11-00A0C91BC942}") = "CommonLibcSetenvTest", "..\..\..\common\test\win32\LibcSetenvTest.vcproj", "{424A8C33-6872-4002-AEFA-EF17F31B2F0E}"
EndProject
Project("{8BC9CEB8-8B4A-11D0-8D11-00A0C91BC942}") = "CommonListTest", "..\..\..\common\test\win32\ListTest.vcproj", "{52C2EE1A-5F07-41F6-8D56-1F7DDD9869B4}"
EndProject
Project("{8BC9CEB8-8B4A-11D0-8D11-00A0C91BC942}") = "CommonMemoryTest", "..\..\..\common\test\win32\MemoryTest.vcproj", "{40A4AB77-E48A-43E3-8873-752DBB318584}"
EndProject
Project("{8BC9CEB8-8B4A-11D0-8D11-00A0C91BC942}") = "CommonModuleTest", "..\..\..\common\test\win32\ModuleTest.vcproj", "{4D861A8B-A7D7-49F1-8752-389A21D6115A}"
EndProject
Project("{8BC9CEB8-8B4A-11D0-8D11-00A0C91BC942}") = "CommonStrptimeTest", "..\..\..\common\test\win32\StrptimeTest.vcproj", "{F4A83312-29FC-4462-8019-DF611B855131}"
EndProject
Project("{8BC9CEB8-8B4A-11D0-8D11-00A0C91BC942}") = "CommonThreadTest", "..\..\..\common\test\win32\ThreadTest.vcproj", "{F4FD43A9-238F-4778-B699-71A08C28FF60}"
EndProject
Project("{8BC9CEB8-8B4A-11D0-8D11-00A0C91BC942}") = "CommonTimedWaitTest", "..\..\..\common\test\win32\TimedWait.vcproj", "{6A3A584F-DBB4-4D10-B5BC-66CFB9398742}"
EndProject
Project("{8BC9CEB8-8B4A-11D0-8D11-00A0C91BC942}") = "CommonUrlTest", "..\..\..\common\test\win32\UrlTest.vcproj", "{5BA255EB-F490-41D3-9BDE-F1A7EEBDD66B}"
EndProject
Project("{8BC9CEB8-8B4A-11D0-8D11-00A0C91BC942}") = "globus-is-local-user", "..\..\..\common\source\win32\globus-is-local-user.vcproj", "{E547F615-6A47-4A13-94FF-374758B4DE39}"
EndProject
Project("{8BC9CEB8-8B4A-11D0-8D11-00A0C91BC942}") = "globus-libc-hostname", "..\..\..\common\source\win32\globus-libc-hostname.vcproj", "{E547F615-6A47-4A13-94FF-374758B4DE39}"
EndProject
Global
	GlobalSection(SolutionConfiguration) = preSolution
		ConfigName.0 = Debug
		ConfigName.1 = DebugThr
		ConfigName.2 = Release
	EndGlobalSection
	GlobalSection(ProjectDependencies) = postSolution
	EndGlobalSection
	GlobalSection(ProjectConfiguration) = postSolution
		{FD7449B6-2CD3-4584-BC22-7181CD906B73}.Debug.ActiveCfg = Debug|Win32
		{FD7449B6-2CD3-4584-BC22-7181CD906B73}.Debug.Build.0 = Debug|Win32
		{FD7449B6-2CD3-4584-BC22-7181CD906B73}.DebugThr.ActiveCfg = Debug|Win32
		{FD7449B6-2CD3-4584-BC22-7181CD906B73}.DebugThr.Build.0 = Debug|Win32
		{FD7449B6-2CD3-4584-BC22-7181CD906B73}.Release.ActiveCfg = Release|Win32
		{FD7449B6-2CD3-4584-BC22-7181CD906B73}.Release.Build.0 = Release|Win32
		{63F381CD-C469-42F2-8C8F-028C23CAEC34}.Debug.ActiveCfg = Debug|Win32
		{63F381CD-C469-42F2-8C8F-028C23CAEC34}.Debug.Build.0 = Debug|Win32
		{63F381CD-C469-42F2-8C8F-028C23CAEC34}.DebugThr.ActiveCfg = Debug|Win32
		{63F381CD-C469-42F2-8C8F-028C23CAEC34}.DebugThr.Build.0 = Debug|Win32
		{63F381CD-C469-42F2-8C8F-028C23CAEC34}.Release.ActiveCfg = Release|Win32
		{63F381CD-C469-42F2-8C8F-028C23CAEC34}.Release.Build.0 = Release|Win32
		{78DA3328-5644-458D-B1AB-094C1ADA0401}.Debug.ActiveCfg = DebugThr|Win32
		{78DA3328-5644-458D-B1AB-094C1ADA0401}.Debug.Build.0 = DebugThr|Win32
		{78DA3328-5644-458D-B1AB-094C1ADA0401}.DebugThr.ActiveCfg = DebugThr|Win32
		{78DA3328-5644-458D-B1AB-094C1ADA0401}.DebugThr.Build.0 = DebugThr|Win32
		{78DA3328-5644-458D-B1AB-094C1ADA0401}.Release.ActiveCfg = Release|Win32
		{78DA3328-5644-458D-B1AB-094C1ADA0401}.Release.Build.0 = Release|Win32
		{7ED990B2-8D46-4415-8677-81D0EA4AD54C}.Debug.ActiveCfg = DebugThr|Win32
		{7ED990B2-8D46-4415-8677-81D0EA4AD54C}.Debug.Build.0 = DebugThr|Win32
		{7ED990B2-8D46-4415-8677-81D0EA4AD54C}.DebugThr.ActiveCfg = DebugThr|Win32
		{7ED990B2-8D46-4415-8677-81D0EA4AD54C}.DebugThr.Build.0 = DebugThr|Win32
		{7ED990B2-8D46-4415-8677-81D0EA4AD54C}.Release.ActiveCfg = Release|Win32
		{7ED990B2-8D46-4415-8677-81D0EA4AD54C}.Release.Build.0 = Release|Win32
		{D32FFCC0-2F89-46C2-A3C3-728CF0BCD913}.Debug.ActiveCfg = DebugThr|Win32
		{D32FFCC0-2F89-46C2-A3C3-728CF0BCD913}.Debug.Build.0 = DebugThr|Win32
		{D32FFCC0-2F89-46C2-A3C3-728CF0BCD913}.DebugThr.ActiveCfg = DebugThr|Win32
		{D32FFCC0-2F89-46C2-A3C3-728CF0BCD913}.DebugThr.Build.0 = DebugThr|Win32
		{D32FFCC0-2F89-46C2-A3C3-728CF0BCD913}.Release.ActiveCfg = Release|Win32
		{D32FFCC0-2F89-46C2-A3C3-728CF0BCD913}.Release.Build.0 = Release|Win32
		{3E6357C5-B54C-45A3-AC76-366BBB5E93F2}.Debug.ActiveCfg = DebugThr|Win32
		{3E6357C5-B54C-45A3-AC76-366BBB5E93F2}.Debug.Build.0 = DebugThr|Win32
		{3E6357C5-B54C-45A3-AC76-366BBB5E93F2}.DebugThr.ActiveCfg = DebugThr|Win32
		{3E6357C5-B54C-45A3-AC76-366BBB5E93F2}.DebugThr.Build.0 = DebugThr|Win32
		{3E6357C5-B54C-45A3-AC76-366BBB5E93F2}.Release.ActiveCfg = Release|Win32
		{3E6357C5-B54C-45A3-AC76-366BBB5E93F2}.Release.Build.0 = Release|Win32
		{78857193-BA0B-4FB7-A1E3-1B65D52498A5}.Debug.ActiveCfg = DebugThr|Win32
		{78857193-BA0B-4FB7-A1E3-1B65D52498A5}.Debug.Build.0 = DebugThr|Win32
		{78857193-BA0B-4FB7-A1E3-1B65D52498A5}.DebugThr.ActiveCfg = DebugThr|Win32
		{78857193-BA0B-4FB7-A1E3-1B65D52498A5}.DebugThr.Build.0 = DebugThr|Win32
		{78857193-BA0B-4FB7-A1E3-1B65D52498A5}.Release.ActiveCfg = Release|Win32
		{78857193-BA0B-4FB7-A1E3-1B65D52498A5}.Release.Build.0 = Release|Win32
		{0D25052A-9FD9-4624-BD33-890B7105A5AC}.Debug.ActiveCfg = DebugThr|Win32
		{0D25052A-9FD9-4624-BD33-890B7105A5AC}.Debug.Build.0 = DebugThr|Win32
		{0D25052A-9FD9-4624-BD33-890B7105A5AC}.DebugThr.ActiveCfg = DebugThr|Win32
		{0D25052A-9FD9-4624-BD33-890B7105A5AC}.DebugThr.Build.0 = DebugThr|Win32
		{0D25052A-9FD9-4624-BD33-890B7105A5AC}.Release.ActiveCfg = Release|Win32
		{0D25052A-9FD9-4624-BD33-890B7105A5AC}.Release.Build.0 = Release|Win32
		{A1C7CBBE-7E9E-45DE-847A-3EAFF9F6ADD5}.Debug.ActiveCfg = DebugThr|Win32
		{A1C7CBBE-7E9E-45DE-847A-3EAFF9F6ADD5}.Debug.Build.0 = DebugThr|Win32
		{A1C7CBBE-7E9E-45DE-847A-3EAFF9F6ADD5}.DebugThr.ActiveCfg = DebugThr|Win32
		{A1C7CBBE-7E9E-45DE-847A-3EAFF9F6ADD5}.DebugThr.Build.0 = DebugThr|Win32
		{A1C7CBBE-7E9E-45DE-847A-3EAFF9F6ADD5}.Release.ActiveCfg = Release|Win32
		{A1C7CBBE-7E9E-45DE-847A-3EAFF9F6ADD5}.Release.Build.0 = Release|Win32
		{424A8C33-6872-4002-AEFA-EF17F31B2F0E}.Debug.ActiveCfg = DebugThr|Win32
		{424A8C33-6872-4002-AEFA-EF17F31B2F0E}.Debug.Build.0 = DebugThr|Win32
		{424A8C33-6872-4002-AEFA-EF17F31B2F0E}.DebugThr.ActiveCfg = DebugThr|Win32
		{424A8C33-6872-4002-AEFA-EF17F31B2F0E}.DebugThr.Build.0 = DebugThr|Win32
		{424A8C33-6872-4002-AEFA-EF17F31B2F0E}.Release.ActiveCfg = Release|Win32
		{424A8C33-6872-4002-AEFA-EF17F31B2F0E}.Release.Build.0 = Release|Win32
		{52C2EE1A-5F07-41F6-8D56-1F7DDD9869B4}.Debug.ActiveCfg = DebugThr|Win32
		{52C2EE1A-5F07-41F6-8D56-1F7DDD9869B4}.Debug.Build.0 = DebugThr|Win32
		{52C2EE1A-5F07-41F6-8D56-1F7DDD9869B4}.DebugThr.ActiveCfg = DebugThr|Win32
		{52C2EE1A-5F07-41F6-8D56-1F7DDD9869B4}.DebugThr.Build.0 = DebugThr|Win32
		{52C2EE1A-5F07-41F6-8D56-1F7DDD9869B4}.Release.ActiveCfg = Release|Win32
		{52C2EE1A-5F07-41F6-8D56-1F7DDD9869B4}.Release.Build.0 = Release|Win32
		{40A4AB77-E48A-43E3-8873-752DBB318584}.Debug.ActiveCfg = DebugThr|Win32
		{40A4AB77-E48A-43E3-8873-752DBB318584}.Debug.Build.0 = DebugThr|Win32
		{40A4AB77-E48A-43E3-8873-752DBB318584}.DebugThr.ActiveCfg = DebugThr|Win32
		{40A4AB77-E48A-43E3-8873-752DBB318584}.DebugThr.Build.0 = DebugThr|Win32
		{40A4AB77-E48A-43E3-8873-752DBB318584}.Release.ActiveCfg = Release|Win32
		{40A4AB77-E48A-43E3-8873-752DBB318584}.Release.Build.0 = Release|Win32
		{4D861A8B-A7D7-49F1-8752-389A21D6115A}.Debug.ActiveCfg = DebugThr|Win32
		{4D861A8B-A7D7-49F1-8752-389A21D6115A}.Debug.Build.0 = DebugThr|Win32
		{4D861A8B-A7D7-49F1-8752-389A21D6115A}.DebugThr.ActiveCfg = DebugThr|Win32
		{4D861A8B-A7D7-49F1-8752-389A21D6115A}.DebugThr.Build.0 = DebugThr|Win32
		{4D861A8B-A7D7-49F1-8752-389A21D6115A}.Release.ActiveCfg = Release|Win32
		{4D861A8B-A7D7-49F1-8752-389A21D6115A}.Release.Build.0 = Release|Win32
		{F4A83312-29FC-4462-8019-DF611B855131}.Debug.ActiveCfg = DebugThr|Win32
		{F4A83312-29FC-4462-8019-DF611B855131}.Debug.Build.0 = DebugThr|Win32
		{F4A83312-29FC-4462-8019-DF611B855131}.DebugThr.ActiveCfg = DebugThr|Win32
		{F4A83312-29FC-4462-8019-DF611B855131}.DebugThr.Build.0 = DebugThr|Win32
		{F4A83312-29FC-4462-8019-DF611B855131}.Release.ActiveCfg = Release|Win32
		{F4A83312-29FC-4462-8019-DF611B855131}.Release.Build.0 = Release|Win32
		{F4FD43A9-238F-4778-B699-71A08C28FF60}.Debug.ActiveCfg = DebugThr|Win32
		{F4FD43A9-238F-4778-B699-71A08C28FF60}.Debug.Build.0 = DebugThr|Win32
		{F4FD43A9-238F-4778-B699-71A08C28FF60}.DebugThr.ActiveCfg = DebugThr|Win32
		{F4FD43A9-238F-4778-B699-71A08C28FF60}.DebugThr.Build.0 = DebugThr|Win32
		{F4FD43A9-238F-4778-B699-71A08C28FF60}.Release.ActiveCfg = Release|Win32
		{F4FD43A9-238F-4778-B699-71A08C28FF60}.Release.Build.0 = Release|Win32
		{6A3A584F-DBB4-4D10-B5BC-66CFB9398742}.Debug.ActiveCfg = DebugThr|Win32
		{6A3A584F-DBB4-4D10-B5BC-66CFB9398742}.Debug.Build.0 = DebugThr|Win32
		{6A3A584F-DBB4-4D10-B5BC-66CFB9398742}.DebugThr.ActiveCfg = DebugThr|Win32
		{6A3A584F-DBB4-4D10-B5BC-66CFB9398742}.DebugThr.Build.0 = DebugThr|Win32
		{6A3A584F-DBB4-4D10-B5BC-66CFB9398742}.Release.ActiveCfg = Release|Win32
		{6A3A584F-DBB4-4D10-B5BC-66CFB9398742}.Release.Build.0 = Release|Win32
		{5BA255EB-F490-41D3-9BDE-F1A7EEBDD66B}.Debug.ActiveCfg = DebugThr|Win32
		{5BA255EB-F490-41D3-9BDE-F1A7EEBDD66B}.Debug.Build.0 = DebugThr|Win32
		{5BA255EB-F490-41D3-9BDE-F1A7EEBDD66B}.DebugThr.ActiveCfg = DebugThr|Win32
		{5BA255EB-F490-41D3-9BDE-F1A7EEBDD66B}.DebugThr.Build.0 = DebugThr|Win32
		{5BA255EB-F490-41D3-9BDE-F1A7EEBDD66B}.Release.ActiveCfg = Release|Win32
		{5BA255EB-F490-41D3-9BDE-F1A7EEBDD66B}.Release.Build.0 = Release|Win32
		{E547F615-6A47-4A13-94FF-374758B4DE39}.Debug.ActiveCfg = Debug|Win32
		{E547F615-6A47-4A13-94FF-374758B4DE39}.Debug.Build.0 = Debug|Win32
		{E547F615-6A47-4A13-94FF-374758B4DE39}.DebugThr.ActiveCfg = Debug|Win32
		{E547F615-6A47-4A13-94FF-374758B4DE39}.DebugThr.Build.0 = Debug|Win32
		{E547F615-6A47-4A13-94FF-374758B4DE39}.Release.ActiveCfg = Release|Win32
		{E547F615-6A47-4A13-94FF-374758B4DE39}.Release.Build.0 = Release|Win32
		{E547F615-6A47-4A13-94FF-374758B4DE39}.Debug.ActiveCfg = Debug|Win32
		{E547F615-6A47-4A13-94FF-374758B4DE39}.Debug.Build.0 = Debug|Win32
		{E547F615-6A47-4A13-94FF-374758B4DE39}.DebugThr.ActiveCfg = Debug|Win32
		{E547F615-6A47-4A13-94FF-374758B4DE39}.DebugThr.Build.0 = Debug|Win32
		{E547F615-6A47-4A13-94FF-374758B4DE39}.Release.ActiveCfg = Release|Win32
		{E547F615-6A47-4A13-94FF-374758B4DE39}.Release.Build.0 = Release|Win32
	EndGlobalSection
	GlobalSection(ExtensibilityGlobals) = postSolution
	EndGlobalSection
	GlobalSection(ExtensibilityAddIns) = postSolution
	EndGlobalSection
EndGlobal
