Microsoft Visual Studio Solution File, Format Version 7.00
Project("{8BC9CEB8-8B4A-11D0-8D11-00A0C91BC942}") = "common", "WinCommon.vcproj", "{9C1399E4-4EA4-427A-AB8D-5691DB1F1769}"
	ProjectSection(ProjectDependencies) = postProject
	EndProjectSection
	ProjectSection(SolutionConfiguration) = postProject
		Debug.ActiveCfg = Debug|Win32
		Debug.Build.0 = Debug|Win32
		Release.ActiveCfg = Release|Win32
		Release.Build.0 = Release|Win32
	EndProjectSection
EndProject
Global
	GlobalSection(SolutionConfiguration) = preSolution
		ConfigName.0 = Release
		ConfigName.1 = Debug
		DoSign = FALSE
	EndGlobalSection
	GlobalSection(ExtensibilityGlobals) = postSolution
	EndGlobalSection
	GlobalSection(ExtensibilityAddIns) = postSolution
	EndGlobalSection
EndGlobal
