Microsoft Visual Studio Solution File, Format Version 7.00
Project("{8BC9CEB8-8B4A-11D0-8D11-00A0C91BC942}") = "CallbackTest", "CallbackTest.vcproj", "{CBC08A9F-1EE5-4FCD-9C73-BEFCEEF58578}"
EndProject
Project("{8BC9CEB8-8B4A-11D0-8D11-00A0C91BC942}") = "HashtableTest", "HashtableTest.vcproj", "{4EB137F8-50BE-49B3-AEFE-63DF2BF9CB1E}"
EndProject
Project("{8BC9CEB8-8B4A-11D0-8D11-00A0C91BC942}") = "MemoryTest", "MemoryTest.vcproj", "{ACB58C23-C94D-4411-A28F-439846A2CF3A}"
EndProject
Project("{8BC9CEB8-8B4A-11D0-8D11-00A0C91BC942}") = "ModuleTest", "ModuleTest.vcproj", "{4D861A8B-A7D7-49F1-8752-389A21D6115A}"
EndProject
Project("{8BC9CEB8-8B4A-11D0-8D11-00A0C91BC942}") = "UrlTest", "UrlTest.vcproj", "{5BA255EB-F490-41D3-9BDE-F1A7EEBDD66B}"
EndProject
Project("{8BC9CEB8-8B4A-11D0-8D11-00A0C91BC942}") = "ArgsTest", "ArgsTest.vcproj", "{78DA3328-5644-458D-B1AB-094C1ADA0401}"
EndProject
Project("{8BC9CEB8-8B4A-11D0-8D11-00A0C91BC942}") = "ErrorStringTest", "ErrorStringTest.vcproj", "{D32FFCC0-2F89-46C2-A3C3-728CF0BCD913}"
EndProject
Project("{8BC9CEB8-8B4A-11D0-8D11-00A0C91BC942}") = "ErrorTest", "ErrorTest.vcproj", "{3E6357C5-B54C-45A3-AC76-366BBB5E93F2}"
EndProject
Project("{8BC9CEB8-8B4A-11D0-8D11-00A0C91BC942}") = "ThreadTest", "ThreadTest.vcproj", "{F4FD43A9-238F-4778-B699-71A08C28FF60}"
EndProject
Project("{8BC9CEB8-8B4A-11D0-8D11-00A0C91BC942}") = "TimedWaitTest", "TimedWait.vcproj", "{6A3A584F-DBB4-4D10-B5BC-66CFB9398742}"
EndProject
Project("{8BC9CEB8-8B4A-11D0-8D11-00A0C91BC942}") = "FifoTest", "FifoTest.vcproj", "{78857193-BA0B-4FB7-A1E3-1B65D52498A5}"
EndProject
Project("{8BC9CEB8-8B4A-11D0-8D11-00A0C91BC942}") = "HandleTable", "HandleTable.vcproj", "{0D25052A-9FD9-4624-BD33-890B7105A5AC}"
EndProject
Project("{8BC9CEB8-8B4A-11D0-8D11-00A0C91BC942}") = "ListTest", "ListTest.vcproj", "{52C2EE1A-5F07-41F6-8D56-1F7DDD9869B4}"
EndProject
Project("{8BC9CEB8-8B4A-11D0-8D11-00A0C91BC942}") = "StrptimeTest", "StrptimeTest.vcproj", "{F4A83312-29FC-4462-8019-DF611B855131}"
EndProject
Project("{8BC9CEB8-8B4A-11D0-8D11-00A0C91BC942}") = "LibcSetenvTest", "LibcSetenvTest.vcproj", "{424A8C33-6872-4002-AEFA-EF17F31B2F0E}"
EndProject
Global
	GlobalSection(SolutionConfiguration) = preSolution
		ConfigName.0 = Debug
		ConfigName.1 = DebugThr
		ConfigName.2 = Release
	EndGlobalSection
	GlobalSection(ProjectDependencies) = postSolution
	EndGlobalSection
	GlobalSection(ProjectConfiguration) = postSolution
		{CBC08A9F-1EE5-4FCD-9C73-BEFCEEF58578}.Debug.ActiveCfg = Debug|Win32
		{CBC08A9F-1EE5-4FCD-9C73-BEFCEEF58578}.Debug.Build.0 = Debug|Win32
		{CBC08A9F-1EE5-4FCD-9C73-BEFCEEF58578}.DebugThr.ActiveCfg = DebugThr|Win32
		{CBC08A9F-1EE5-4FCD-9C73-BEFCEEF58578}.DebugThr.Build.0 = DebugThr|Win32
		{CBC08A9F-1EE5-4FCD-9C73-BEFCEEF58578}.Release.ActiveCfg = Release|Win32
		{CBC08A9F-1EE5-4FCD-9C73-BEFCEEF58578}.Release.Build.0 = Release|Win32
		{4EB137F8-50BE-49B3-AEFE-63DF2BF9CB1E}.Debug.ActiveCfg = Debug|Win32
		{4EB137F8-50BE-49B3-AEFE-63DF2BF9CB1E}.Debug.Build.0 = Debug|Win32
		{4EB137F8-50BE-49B3-AEFE-63DF2BF9CB1E}.DebugThr.ActiveCfg = DebugThr|Win32
		{4EB137F8-50BE-49B3-AEFE-63DF2BF9CB1E}.DebugThr.Build.0 = DebugThr|Win32
		{4EB137F8-50BE-49B3-AEFE-63DF2BF9CB1E}.Release.ActiveCfg = Release|Win32
		{4EB137F8-50BE-49B3-AEFE-63DF2BF9CB1E}.Release.Build.0 = Release|Win32
		{ACB58C23-C94D-4411-A28F-439846A2CF3A}.Debug.ActiveCfg = Debug|Win32
		{ACB58C23-C94D-4411-A28F-439846A2CF3A}.Debug.Build.0 = Debug|Win32
		{ACB58C23-C94D-4411-A28F-439846A2CF3A}.DebugThr.ActiveCfg = DebugThr|Win32
		{ACB58C23-C94D-4411-A28F-439846A2CF3A}.DebugThr.Build.0 = DebugThr|Win32
		{ACB58C23-C94D-4411-A28F-439846A2CF3A}.Release.ActiveCfg = Release|Win32
		{ACB58C23-C94D-4411-A28F-439846A2CF3A}.Release.Build.0 = Release|Win32
		{4D861A8B-A7D7-49F1-8752-389A21D6115A}.Debug.ActiveCfg = Debug|Win32
		{4D861A8B-A7D7-49F1-8752-389A21D6115A}.Debug.Build.0 = Debug|Win32
		{4D861A8B-A7D7-49F1-8752-389A21D6115A}.DebugThr.ActiveCfg = DebugThr|Win32
		{4D861A8B-A7D7-49F1-8752-389A21D6115A}.DebugThr.Build.0 = DebugThr|Win32
		{4D861A8B-A7D7-49F1-8752-389A21D6115A}.Release.ActiveCfg = Release|Win32
		{4D861A8B-A7D7-49F1-8752-389A21D6115A}.Release.Build.0 = Release|Win32
		{5BA255EB-F490-41D3-9BDE-F1A7EEBDD66B}.Debug.ActiveCfg = Debug|Win32
		{5BA255EB-F490-41D3-9BDE-F1A7EEBDD66B}.Debug.Build.0 = Debug|Win32
		{5BA255EB-F490-41D3-9BDE-F1A7EEBDD66B}.DebugThr.ActiveCfg = DebugThr|Win32
		{5BA255EB-F490-41D3-9BDE-F1A7EEBDD66B}.DebugThr.Build.0 = DebugThr|Win32
		{5BA255EB-F490-41D3-9BDE-F1A7EEBDD66B}.Release.ActiveCfg = Release|Win32
		{5BA255EB-F490-41D3-9BDE-F1A7EEBDD66B}.Release.Build.0 = Release|Win32
		{78DA3328-5644-458D-B1AB-094C1ADA0401}.Debug.ActiveCfg = Debug|Win32
		{78DA3328-5644-458D-B1AB-094C1ADA0401}.Debug.Build.0 = Debug|Win32
		{78DA3328-5644-458D-B1AB-094C1ADA0401}.DebugThr.ActiveCfg = DebugThr|Win32
		{78DA3328-5644-458D-B1AB-094C1ADA0401}.DebugThr.Build.0 = DebugThr|Win32
		{78DA3328-5644-458D-B1AB-094C1ADA0401}.Release.ActiveCfg = Release|Win32
		{78DA3328-5644-458D-B1AB-094C1ADA0401}.Release.Build.0 = Release|Win32
		{D32FFCC0-2F89-46C2-A3C3-728CF0BCD913}.Debug.ActiveCfg = Debug|Win32
		{D32FFCC0-2F89-46C2-A3C3-728CF0BCD913}.Debug.Build.0 = Debug|Win32
		{D32FFCC0-2F89-46C2-A3C3-728CF0BCD913}.DebugThr.ActiveCfg = DebugThr|Win32
		{D32FFCC0-2F89-46C2-A3C3-728CF0BCD913}.DebugThr.Build.0 = DebugThr|Win32
		{D32FFCC0-2F89-46C2-A3C3-728CF0BCD913}.Release.ActiveCfg = Release|Win32
		{D32FFCC0-2F89-46C2-A3C3-728CF0BCD913}.Release.Build.0 = Release|Win32
		{3E6357C5-B54C-45A3-AC76-366BBB5E93F2}.Debug.ActiveCfg = Debug|Win32
		{3E6357C5-B54C-45A3-AC76-366BBB5E93F2}.Debug.Build.0 = Debug|Win32
		{3E6357C5-B54C-45A3-AC76-366BBB5E93F2}.DebugThr.ActiveCfg = DebugThr|Win32
		{3E6357C5-B54C-45A3-AC76-366BBB5E93F2}.DebugThr.Build.0 = DebugThr|Win32
		{3E6357C5-B54C-45A3-AC76-366BBB5E93F2}.Release.ActiveCfg = Release|Win32
		{3E6357C5-B54C-45A3-AC76-366BBB5E93F2}.Release.Build.0 = Release|Win32
		{F4FD43A9-238F-4778-B699-71A08C28FF60}.Debug.ActiveCfg = Debug|Win32
		{F4FD43A9-238F-4778-B699-71A08C28FF60}.Debug.Build.0 = Debug|Win32
		{F4FD43A9-238F-4778-B699-71A08C28FF60}.DebugThr.ActiveCfg = DebugThr|Win32
		{F4FD43A9-238F-4778-B699-71A08C28FF60}.DebugThr.Build.0 = DebugThr|Win32
		{F4FD43A9-238F-4778-B699-71A08C28FF60}.Release.ActiveCfg = Release|Win32
		{F4FD43A9-238F-4778-B699-71A08C28FF60}.Release.Build.0 = Release|Win32
		{6A3A584F-DBB4-4D10-B5BC-66CFB9398742}.Debug.ActiveCfg = Debug|Win32
		{6A3A584F-DBB4-4D10-B5BC-66CFB9398742}.Debug.Build.0 = Debug|Win32
		{6A3A584F-DBB4-4D10-B5BC-66CFB9398742}.DebugThr.ActiveCfg = DebugThr|Win32
		{6A3A584F-DBB4-4D10-B5BC-66CFB9398742}.DebugThr.Build.0 = DebugThr|Win32
		{6A3A584F-DBB4-4D10-B5BC-66CFB9398742}.Release.ActiveCfg = Release|Win32
		{6A3A584F-DBB4-4D10-B5BC-66CFB9398742}.Release.Build.0 = Release|Win32
		{78857193-BA0B-4FB7-A1E3-1B65D52498A5}.Debug.ActiveCfg = Debug|Win32
		{78857193-BA0B-4FB7-A1E3-1B65D52498A5}.Debug.Build.0 = Debug|Win32
		{78857193-BA0B-4FB7-A1E3-1B65D52498A5}.DebugThr.ActiveCfg = DebugThr|Win32
		{78857193-BA0B-4FB7-A1E3-1B65D52498A5}.DebugThr.Build.0 = DebugThr|Win32
		{78857193-BA0B-4FB7-A1E3-1B65D52498A5}.Release.ActiveCfg = Release|Win32
		{78857193-BA0B-4FB7-A1E3-1B65D52498A5}.Release.Build.0 = Release|Win32
		{0D25052A-9FD9-4624-BD33-890B7105A5AC}.Debug.ActiveCfg = Debug|Win32
		{0D25052A-9FD9-4624-BD33-890B7105A5AC}.Debug.Build.0 = Debug|Win32
		{0D25052A-9FD9-4624-BD33-890B7105A5AC}.DebugThr.ActiveCfg = DebugThr|Win32
		{0D25052A-9FD9-4624-BD33-890B7105A5AC}.DebugThr.Build.0 = DebugThr|Win32
		{0D25052A-9FD9-4624-BD33-890B7105A5AC}.Release.ActiveCfg = Release|Win32
		{0D25052A-9FD9-4624-BD33-890B7105A5AC}.Release.Build.0 = Release|Win32
		{52C2EE1A-5F07-41F6-8D56-1F7DDD9869B4}.Debug.ActiveCfg = Debug|Win32
		{52C2EE1A-5F07-41F6-8D56-1F7DDD9869B4}.Debug.Build.0 = Debug|Win32
		{52C2EE1A-5F07-41F6-8D56-1F7DDD9869B4}.DebugThr.ActiveCfg = DebugThr|Win32
		{52C2EE1A-5F07-41F6-8D56-1F7DDD9869B4}.DebugThr.Build.0 = DebugThr|Win32
		{52C2EE1A-5F07-41F6-8D56-1F7DDD9869B4}.Release.ActiveCfg = Release|Win32
		{52C2EE1A-5F07-41F6-8D56-1F7DDD9869B4}.Release.Build.0 = Release|Win32
		{F4A83312-29FC-4462-8019-DF611B855131}.Debug.ActiveCfg = Debug|Win32
		{F4A83312-29FC-4462-8019-DF611B855131}.Debug.Build.0 = Debug|Win32
		{F4A83312-29FC-4462-8019-DF611B855131}.DebugThr.ActiveCfg = DebugThr|Win32
		{F4A83312-29FC-4462-8019-DF611B855131}.DebugThr.Build.0 = DebugThr|Win32
		{F4A83312-29FC-4462-8019-DF611B855131}.Release.ActiveCfg = Release|Win32
		{F4A83312-29FC-4462-8019-DF611B855131}.Release.Build.0 = Release|Win32
		{424A8C33-6872-4002-AEFA-EF17F31B2F0E}.Debug.ActiveCfg = Debug|Win32
		{424A8C33-6872-4002-AEFA-EF17F31B2F0E}.Debug.Build.0 = Debug|Win32
		{424A8C33-6872-4002-AEFA-EF17F31B2F0E}.DebugThr.ActiveCfg = DebugThr|Win32
		{424A8C33-6872-4002-AEFA-EF17F31B2F0E}.DebugThr.Build.0 = DebugThr|Win32
		{424A8C33-6872-4002-AEFA-EF17F31B2F0E}.Release.ActiveCfg = Release|Win32
		{424A8C33-6872-4002-AEFA-EF17F31B2F0E}.Release.Build.0 = Release|Win32
	EndGlobalSection
	GlobalSection(ExtensibilityGlobals) = postSolution
	EndGlobalSection
	GlobalSection(ExtensibilityAddIns) = postSolution
	EndGlobalSection
EndGlobal
