Microsoft Visual Studio Solution File, Format Version 7.00
Project("{8BC9CEB8-8B4A-11D0-8D11-00A0C91BC942}") = "GRAMProtocolLib", "..\..\..\protocol\source\win32\GramProtocolLib.vcproj", "{AE7CD395-2725-400A-89DB-2DC426DC1357}"
EndProject
Project("{8BC9CEB8-8B4A-11D0-8D11-00A0C91BC942}") = "GRAMClientLib", "GramClientLib.vcproj", "{B86A42AE-F88A-4C25-A584-B96C744E4B16}"
EndProject
Global
	GlobalSection(SolutionConfiguration) = preSolution
		ConfigName.0 = Debug
		ConfigName.1 = DebugThr
		ConfigName.2 = Release
	EndGlobalSection
	GlobalSection(ProjectDependencies) = postSolution
	EndGlobalSection
	GlobalSection(ProjectConfiguration) = postSolution
		{AE7CD395-2725-400A-89DB-2DC426DC1357}.Debug.ActiveCfg = Debug|Win32
		{AE7CD395-2725-400A-89DB-2DC426DC1357}.Debug.Build.0 = Debug|Win32
		{AE7CD395-2725-400A-89DB-2DC426DC1357}.DebugThr.ActiveCfg = DebugThr|Win32
		{AE7CD395-2725-400A-89DB-2DC426DC1357}.DebugThr.Build.0 = DebugThr|Win32
		{AE7CD395-2725-400A-89DB-2DC426DC1357}.Release.ActiveCfg = Release|Win32
		{AE7CD395-2725-400A-89DB-2DC426DC1357}.Release.Build.0 = Release|Win32
		{B86A42AE-F88A-4C25-A584-B96C744E4B16}.Debug.ActiveCfg = Debug|Win32
		{B86A42AE-F88A-4C25-A584-B96C744E4B16}.Debug.Build.0 = Debug|Win32
		{B86A42AE-F88A-4C25-A584-B96C744E4B16}.DebugThr.ActiveCfg = DebugThr|Win32
		{B86A42AE-F88A-4C25-A584-B96C744E4B16}.DebugThr.Build.0 = DebugThr|Win32
		{B86A42AE-F88A-4C25-A584-B96C744E4B16}.Release.ActiveCfg = Release|Win32
		{B86A42AE-F88A-4C25-A584-B96C744E4B16}.Release.Build.0 = Release|Win32
	EndGlobalSection
	GlobalSection(ExtensibilityGlobals) = postSolution
	EndGlobalSection
	GlobalSection(ExtensibilityAddIns) = postSolution
	EndGlobalSection
EndGlobal
